# Generated by buf. DO NOT EDIT.
version: v2
deps:
  - name: buf.build/bufbuild/protovalidate
    commit: 8976f5be98c146529b1cc15cd2012b60
    digest: b5:5d513af91a439d9e78cacac0c9455c7cb885a8737d30405d0b91974fe05276d19c07a876a51a107213a3d01b83ecc912996cdad4cddf7231f91379079cf7488d
  - name: buf.build/protocolbuffers/wellknowntypes
    commit: 3ddd61d1f53d485abd3d3a2b47a62b8e
    digest: b5:09e4405493fa16fef2af6b667fcaea9d2280ec44ed4943eddb96fb5a32daa1e8a353331dd4ef33b7df3783d17e912a703d57b73b236cd749d6a87ce83f60e2c9
